# THIS IS AN AUTOGENERATED FILE. DO NOT EDIT THIS FILE DIRECTLY.
# yarn lockfile v1


adverb-where@^0.2.2:
  version "0.2.6"
  resolved "https://registry.yarnpkg.com/adverb-where/-/adverb-where-0.2.6.tgz#2703e2129a8e9c573bde2ac0aaa522c2ee45b2c8"

commander@^2.19.0:
  version "2.20.3"
  resolved "https://registry.yarnpkg.com/commander/-/commander-2.20.3.tgz#fd485e84c03eb4881c20722ba48035e8531aeb33"

e-prime@^0.10.4:
  version "0.10.4"
  resolved "https://registry.yarnpkg.com/e-prime/-/e-prime-0.10.4.tgz#562f56a50f0def8a6c7a73069fff42b035e569d7"

jkl@0.0.2:
  version "0.0.2"
  resolved "https://registry.yarnpkg.com/jkl/-/jkl-0.0.2.tgz#765bff9cbfff6b4608e0b55b0a761c7a1cab5fbd"
  dependencies:
    mkdirp "~0.3.5"
    moment "~2.5.1"

mkdirp@~0.3.5:
  version "0.3.5"
  resolved "https://registry.npmjs.org/mkdirp/-/mkdirp-0.3.5.tgz#de3e5f8961c88c787ee1368df849ac4413eca8d7"

moment@~2.5.1:
  version "2.5.1"
  resolved "https://registry.npmjs.org/moment/-/moment-2.5.1.tgz#7146a3900533064ca799d5e792f4e480ee0e82bc"

no-cliches@^0.3.0:
  version "0.3.6"
  resolved "https://registry.yarnpkg.com/no-cliches/-/no-cliches-0.3.6.tgz#50d952c295fae74e3323bde51a045a8107583cad"

passive-voice@^0.1.0:
  version "0.1.0"
  resolved "https://registry.yarnpkg.com/passive-voice/-/passive-voice-0.1.0.tgz#16ff91ae40ba0e92c43e671763fdc842a70270b1"

too-wordy@^0.3.1:
  version "0.3.6"
  resolved "https://registry.yarnpkg.com/too-wordy/-/too-wordy-0.3.6.tgz#9c9c608a51ac1c9fe32ce6b4efdcdf09d0c2bc59"

weasel-words@^0.1.1:
  version "0.1.1"
  resolved "https://registry.yarnpkg.com/weasel-words/-/weasel-words-0.1.1.tgz#7137946585c73fe44882013853bd000c5d687a4e"

write-good@^1.0.8:
  version "1.0.8"
  resolved "https://registry.yarnpkg.com/write-good/-/write-good-1.0.8.tgz#e359e833026a83c7cc1e921eb0836d16438c8cc2"
  dependencies:
    adverb-where "^0.2.2"
    commander "^2.19.0"
    e-prime "^0.10.4"
    no-cliches "^0.3.0"
    passive-voice "^0.1.0"
    too-wordy "^0.3.1"
    weasel-words "^0.1.1"
